<?xml version="1.0" encoding="utf-8"?>
<Project ToolsVersion="17.0" xmlns="http://schemas.microsoft.com/developer/msbuild/2003">
  <ItemGroup>
    <CustomBuild Include="D:\Users\dilli\AndroidStudioProjects\PlasmaDX\build-vs2022\CMakeFiles\8029f2aab6ba55d773b213d32f131d8a\density_fill.dxil.rule">
      <Filter>CMake Rules</Filter>
    </CustomBuild>
    <CustomBuild Include="D:\Users\dilli\AndroidStudioProjects\PlasmaDX\build-vs2022\CMakeFiles\8029f2aab6ba55d773b213d32f131d8a\density_slice.dxil.rule">
      <Filter>CMake Rules</Filter>
    </CustomBuild>
    <CustomBuild Include="D:\Users\dilli\AndroidStudioProjects\PlasmaDX\build-vs2022\CMakeFiles\e2f4cf078fb045011d9fb24e74f55816\raytracing_lib.dxil.rule">
      <Filter>CMake Rules</Filter>
    </CustomBuild>
    <CustomBuild Include="D:\Users\dilli\AndroidStudioProjects\PlasmaDX\build-vs2022\CMakeFiles\8029f2aab6ba55d773b213d32f131d8a\raymarch.dxil.rule">
      <Filter>CMake Rules</Filter>
    </CustomBuild>
    <CustomBuild Include="D:\Users\dilli\AndroidStudioProjects\PlasmaDX\build-vs2022\CMakeFiles\74b02f17792dfb1c771b925f44c6399f\density_advect_curl.dxil.rule">
      <Filter>CMake Rules</Filter>
    </CustomBuild>
    <CustomBuild Include="D:\Users\dilli\AndroidStudioProjects\PlasmaDX\build-vs2022\CMakeFiles\74b02f17792dfb1c771b925f44c6399f\density_fill_sphere.dxil.rule">
      <Filter>CMake Rules</Filter>
    </CustomBuild>
    <CustomBuild Include="D:\Users\dilli\AndroidStudioProjects\PlasmaDX\build-vs2022\CMakeFiles\74b02f17792dfb1c771b925f44c6399f\metaball_density_fill.dxil.rule">
      <Filter>CMake Rules</Filter>
    </CustomBuild>
    <CustomBuild Include="D:\Users\dilli\AndroidStudioProjects\PlasmaDX\build-vs2022\CMakeFiles\74b02f17792dfb1c771b925f44c6399f\particles_debug_pattern.dxil.rule">
      <Filter>CMake Rules</Filter>
    </CustomBuild>
    <CustomBuild Include="D:\Users\dilli\AndroidStudioProjects\PlasmaDX\build-vs2022\CMakeFiles\74b02f17792dfb1c771b925f44c6399f\particles_update.dxil.rule">
      <Filter>CMake Rules</Filter>
    </CustomBuild>
    <CustomBuild Include="D:\Users\dilli\AndroidStudioProjects\PlasmaDX\build-vs2022\CMakeFiles\74b02f17792dfb1c771b925f44c6399f\ray_march_cs.dxil.rule">
      <Filter>CMake Rules</Filter>
    </CustomBuild>
    <CustomBuild Include="D:\Users\dilli\AndroidStudioProjects\PlasmaDX\build-vs2022\CMakeFiles\74b02f17792dfb1c771b925f44c6399f\temporal_accumulation_cs.dxil.rule">
      <Filter>CMake Rules</Filter>
    </CustomBuild>
    <CustomBuild Include="D:\Users\dilli\AndroidStudioProjects\PlasmaDX\build-vs2022\CMakeFiles\1cbe98bcaf8843f77e04ff006447910b\compile_shaders.rule">
      <Filter>CMake Rules</Filter>
    </CustomBuild>
    <CustomBuild Include="D:\Users\dilli\AndroidStudioProjects\PlasmaDX\CMakeLists.txt" />
  </ItemGroup>
  <ItemGroup>
    <None Include="D:\Users\dilli\AndroidStudioProjects\PlasmaDX\build-vs2022\CMakeFiles\compile_shaders" />
  </ItemGroup>
  <ItemGroup>
    <Filter Include="CMake Rules">
      <UniqueIdentifier>{211292B1-0FEE-323A-BBCE-7E66434A581F}</UniqueIdentifier>
    </Filter>
  </ItemGroup>
</Project>
