<?xml version="1.0" encoding="utf-8"?>
<Project ToolsVersion="17.0" xmlns="http://schemas.microsoft.com/developer/msbuild/2003">
  <ItemGroup>
    <ClCompile Include="D:\Users\dilli\AndroidStudioProjects\PlasmaDX\src\main.cpp">
      <Filter>Source Files</Filter>
    </ClCompile>
    <ClCompile Include="D:\Users\dilli\AndroidStudioProjects\PlasmaDX\src\core\App.cpp">
      <Filter>Source Files</Filter>
    </ClCompile>
    <ClCompile Include="D:\Users\dilli\AndroidStudioProjects\PlasmaDX\src\core\Camera.cpp">
      <Filter>Source Files</Filter>
    </ClCompile>
    <ClCompile Include="D:\Users\dilli\AndroidStudioProjects\PlasmaDX\src\core\D3D12AgilitySDK.cpp">
      <Filter>Source Files</Filter>
    </ClCompile>
    <ClCompile Include="D:\Users\dilli\AndroidStudioProjects\PlasmaDX\src\dxr\ASBuilder.cpp">
      <Filter>Source Files</Filter>
    </ClCompile>
    <ClCompile Include="D:\Users\dilli\AndroidStudioProjects\PlasmaDX\src\dxr\Pipeline.cpp">
      <Filter>Source Files</Filter>
    </ClCompile>
    <ClCompile Include="D:\Users\dilli\AndroidStudioProjects\PlasmaDX\src\dxr\SBT.cpp">
      <Filter>Source Files</Filter>
    </ClCompile>
    <ClCompile Include="D:\Users\dilli\AndroidStudioProjects\PlasmaDX\src\renderer\Composite.cpp">
      <Filter>Source Files</Filter>
    </ClCompile>
    <ClCompile Include="D:\Users\dilli\AndroidStudioProjects\PlasmaDX\src\utils\FileLoader.cpp">
      <Filter>Source Files</Filter>
    </ClCompile>
    <ClCompile Include="D:\Users\dilli\AndroidStudioProjects\PlasmaDX\src\utils\DescriptorHeap.cpp">
      <Filter>Source Files</Filter>
    </ClCompile>
    <ClCompile Include="D:\Users\dilli\AndroidStudioProjects\PlasmaDX\src\utils\Env.cpp">
      <Filter>Source Files</Filter>
    </ClCompile>
    <ClCompile Include="D:\Users\dilli\AndroidStudioProjects\PlasmaDX\src\volumetric\Particles.cpp">
      <Filter>Source Files</Filter>
    </ClCompile>
    <ClCompile Include="D:\Users\dilli\AndroidStudioProjects\PlasmaDX\src\volumetric\DensityVolume.cpp">
      <Filter>Source Files</Filter>
    </ClCompile>
    <ClCompile Include="D:\Users\dilli\AndroidStudioProjects\PlasmaDX\src\volumetric\VolumeRenderer.cpp">
      <Filter>Source Files</Filter>
    </ClCompile>
    <ClCompile Include="D:\Users\dilli\AndroidStudioProjects\PlasmaDX\src\volumetric\RayMarcher.cpp">
      <Filter>Source Files</Filter>
    </ClCompile>
    <ClCompile Include="D:\Users\dilli\AndroidStudioProjects\PlasmaDX\src\volumetric\MetaballSystem.cpp">
      <Filter>Source Files</Filter>
    </ClCompile>
  </ItemGroup>
  <ItemGroup>
    <ClInclude Include="D:\Users\dilli\AndroidStudioProjects\PlasmaDX\src\core\App.h">
      <Filter>Header Files</Filter>
    </ClInclude>
    <ClInclude Include="D:\Users\dilli\AndroidStudioProjects\PlasmaDX\src\core\Camera.h">
      <Filter>Header Files</Filter>
    </ClInclude>
    <ClInclude Include="D:\Users\dilli\AndroidStudioProjects\PlasmaDX\src\dxr\ASBuilder.h">
      <Filter>Header Files</Filter>
    </ClInclude>
    <ClInclude Include="D:\Users\dilli\AndroidStudioProjects\PlasmaDX\src\dxr\Pipeline.h">
      <Filter>Header Files</Filter>
    </ClInclude>
    <ClInclude Include="D:\Users\dilli\AndroidStudioProjects\PlasmaDX\src\dxr\SBT.h">
      <Filter>Header Files</Filter>
    </ClInclude>
    <ClInclude Include="D:\Users\dilli\AndroidStudioProjects\PlasmaDX\src\renderer\Composite.h">
      <Filter>Header Files</Filter>
    </ClInclude>
    <ClInclude Include="D:\Users\dilli\AndroidStudioProjects\PlasmaDX\src\utils\FileLoader.h">
      <Filter>Header Files</Filter>
    </ClInclude>
    <ClInclude Include="D:\Users\dilli\AndroidStudioProjects\PlasmaDX\src\utils\DescriptorHeap.h">
      <Filter>Header Files</Filter>
    </ClInclude>
    <ClInclude Include="D:\Users\dilli\AndroidStudioProjects\PlasmaDX\src\utils\Env.h">
      <Filter>Header Files</Filter>
    </ClInclude>
    <ClInclude Include="D:\Users\dilli\AndroidStudioProjects\PlasmaDX\src\utils\Logger.h">
      <Filter>Header Files</Filter>
    </ClInclude>
    <ClInclude Include="D:\Users\dilli\AndroidStudioProjects\PlasmaDX\src\volumetric\Particles.h">
      <Filter>Header Files</Filter>
    </ClInclude>
    <ClInclude Include="D:\Users\dilli\AndroidStudioProjects\PlasmaDX\src\volumetric\DensityVolume.h">
      <Filter>Header Files</Filter>
    </ClInclude>
    <ClInclude Include="D:\Users\dilli\AndroidStudioProjects\PlasmaDX\src\volumetric\VolumeRenderer.h">
      <Filter>Header Files</Filter>
    </ClInclude>
    <ClInclude Include="D:\Users\dilli\AndroidStudioProjects\PlasmaDX\src\volumetric\RayMarcher.h">
      <Filter>Header Files</Filter>
    </ClInclude>
    <ClInclude Include="D:\Users\dilli\AndroidStudioProjects\PlasmaDX\src\volumetric\MetaballSystem.h">
      <Filter>Header Files</Filter>
    </ClInclude>
  </ItemGroup>
  <ItemGroup>
    <CustomBuild Include="D:\Users\dilli\AndroidStudioProjects\PlasmaDX\CMakeLists.txt" />
  </ItemGroup>
  <ItemGroup>
    <Filter Include="Header Files">
      <UniqueIdentifier>{394C8D10-651E-380C-AFBD-543B47066F8C}</UniqueIdentifier>
    </Filter>
    <Filter Include="Source Files">
      <UniqueIdentifier>{94919E41-714B-3BF4-8985-A2BAFE8AA553}</UniqueIdentifier>
    </Filter>
  </ItemGroup>
</Project>
